// !$*UTF8*$!
{
	archiveVersion = 1;
	classes = {
	};
	objectVersion = 56;
	objects = {

/* Begin PBXBuildFile section */
		F391AC1A2BAE27BF0019BCDA /* SimpleTImerApp.swift in Sources */ = {isa = PBXBuildFile; fileRef = F391AC192BAE27BF0019BCDA /* SimpleTImerApp.swift */; };
		F391AC1C2BAE27BF0019BCDA /* ContentView.swift in Sources */ = {isa = PBXBuildFile; fileRef = F391AC1B2BAE27BF0019BCDA /* ContentView.swift */; };
		F391AC1E2BAE27C00019BCDA /* Assets.xcassets in Resources */ = {isa = PBXBuildFile; fileRef = F391AC1D2BAE27C00019BCDA /* Assets.xcassets */; };
		F391AC212BAE27C00019BCDA /* Preview Assets.xcassets in Resources */ = {isa = PBXBuildFile; fileRef = F391AC202BAE27C00019BCDA /* Preview Assets.xcassets */; };
		F391AC232BAE27C00019BCDA /* Persistence.swift in Sources */ = {isa = PBXBuildFile; fileRef = F391AC222BAE27C00019BCDA /* Persistence.swift */; };
		F391AC262BAE27C00019BCDA /* SimpleTImer.xcdatamodeld in Sources */ = {isa = PBXBuildFile; fileRef = F391AC242BAE27C00019BCDA /* SimpleTImer.xcdatamodeld */; };
		F391AC2D2BAE349C0019BCDA /* CircleButton.swift in Sources */ = {isa = PBXBuildFile; fileRef = F391AC2C2BAE349C0019BCDA /* CircleButton.swift */; };
		F391AC2F2BAE565C0019BCDA /* ThemeView.swift in Sources */ = {isa = PBXBuildFile; fileRef = F391AC2E2BAE565C0019BCDA /* ThemeView.swift */; };
		F391AC312BAF43760019BCDA /* SimpleTimerView.swift in Sources */ = {isa = PBXBuildFile; fileRef = F391AC302BAF43760019BCDA /* SimpleTimerView.swift */; };
		F391AC332BAF43C30019BCDA /* TimerModel.swift in Sources */ = {isa = PBXBuildFile; fileRef = F391AC322BAF43C30019BCDA /* TimerModel.swift */; };
		F391AC352BAF47010019BCDA /* SoundPlayer.swift in Sources */ = {isa = PBXBuildFile; fileRef = F391AC342BAF47010019BCDA /* SoundPlayer.swift */; };
		F391AC372BAF7A540019BCDA /* CircularProgressView.swift in Sources */ = {isa = PBXBuildFile; fileRef = F391AC362BAF7A540019BCDA /* CircularProgressView.swift */; };
		F391AC392BAF7AF20019BCDA /* ButtonStyles.swift in Sources */ = {isa = PBXBuildFile; fileRef = F391AC382BAF7AF20019BCDA /* ButtonStyles.swift */; };
		F391AC3B2BAFE34E0019BCDA /* TimerButton.swift in Sources */ = {isa = PBXBuildFile; fileRef = F391AC3A2BAFE34E0019BCDA /* TimerButton.swift */; };
/* End PBXBuildFile section */

/* Begin PBXFileReference section */
		F391AC162BAE27BF0019BCDA /* SimpleTImer.app */ = {isa = PBXFileReference; explicitFileType = wrapper.application; includeInIndex = 0; path = SimpleTImer.app; sourceTree = BUILT_PRODUCTS_DIR; };
		F391AC192BAE27BF0019BCDA /* SimpleTImerApp.swift */ = {isa = PBXFileReference; lastKnownFileType = sourcecode.swift; path = SimpleTImerApp.swift; sourceTree = "<group>"; };
		F391AC1B2BAE27BF0019BCDA /* ContentView.swift */ = {isa = PBXFileReference; lastKnownFileType = sourcecode.swift; path = ContentView.swift; sourceTree = "<group>"; };
		F391AC1D2BAE27C00019BCDA /* Assets.xcassets */ = {isa = PBXFileReference; lastKnownFileType = folder.assetcatalog; path = Assets.xcassets; sourceTree = "<group>"; };
		F391AC202BAE27C00019BCDA /* Preview Assets.xcassets */ = {isa = PBXFileReference; lastKnownFileType = folder.assetcatalog; path = "Preview Assets.xcassets"; sourceTree = "<group>"; };
		F391AC222BAE27C00019BCDA /* Persistence.swift */ = {isa = PBXFileReference; lastKnownFileType = sourcecode.swift; path = Persistence.swift; sourceTree = "<group>"; };
		F391AC252BAE27C00019BCDA /* SimpleTImer.xcdatamodel */ = {isa = PBXFileReference; lastKnownFileType = wrapper.xcdatamodel; path = SimpleTImer.xcdatamodel; sourceTree = "<group>"; };
		F391AC2C2BAE349C0019BCDA /* CircleButton.swift */ = {isa = PBXFileReference; lastKnownFileType = sourcecode.swift; path = CircleButton.swift; sourceTree = "<group>"; };
		F391AC2E2BAE565C0019BCDA /* ThemeView.swift */ = {isa = PBXFileReference; lastKnownFileType = sourcecode.swift; path = ThemeView.swift; sourceTree = "<group>"; };
		F391AC302BAF43760019BCDA /* SimpleTimerView.swift */ = {isa = PBXFileReference; fileEncoding = 4; lastKnownFileType = sourcecode.swift; path = SimpleTimerView.swift; sourceTree = "<group>"; };
		F391AC322BAF43C30019BCDA /* TimerModel.swift */ = {isa = PBXFileReference; lastKnownFileType = sourcecode.swift; path = TimerModel.swift; sourceTree = "<group>"; };
		F391AC342BAF47010019BCDA /* SoundPlayer.swift */ = {isa = PBXFileReference; fileEncoding = 4; lastKnownFileType = sourcecode.swift; path = SoundPlayer.swift; sourceTree = "<group>"; };
		F391AC362BAF7A540019BCDA /* CircularProgressView.swift */ = {isa = PBXFileReference; fileEncoding = 4; lastKnownFileType = sourcecode.swift; path = CircularProgressView.swift; sourceTree = "<group>"; };
		F391AC382BAF7AF20019BCDA /* ButtonStyles.swift */ = {isa = PBXFileReference; fileEncoding = 4; lastKnownFileType = sourcecode.swift; path = ButtonStyles.swift; sourceTree = "<group>"; };
		F391AC3A2BAFE34E0019BCDA /* TimerButton.swift */ = {isa = PBXFileReference; lastKnownFileType = sourcecode.swift; path = TimerButton.swift; sourceTree = "<group>"; };
/* End PBXFileReference section */

/* Begin PBXFrameworksBuildPhase section */
		F391AC132BAE27BF0019BCDA /* Frameworks */ = {
			isa = PBXFrameworksBuildPhase;
			buildActionMask = 2147483647;
			files = (
			);
			runOnlyForDeploymentPostprocessing = 0;
		};
/* End PBXFrameworksBuildPhase section */

/* Begin PBXGroup section */
		F391AC0D2BAE27BE0019BCDA = {
			isa = PBXGroup;
			children = (
				F391AC182BAE27BF0019BCDA /* SimpleTImer */,
				F391AC172BAE27BF0019BCDA /* Products */,
			);
			sourceTree = "<group>";
		};
		F391AC172BAE27BF0019BCDA /* Products */ = {
			isa = PBXGroup;
			children = (
				F391AC162BAE27BF0019BCDA /* SimpleTImer.app */,
			);
			name = Products;
			sourceTree = "<group>";
		};
		F391AC182BAE27BF0019BCDA /* SimpleTImer */ = {
			isa = PBXGroup;
			children = (
				F391AC192BAE27BF0019BCDA /* SimpleTImerApp.swift */,
				F391AC302BAF43760019BCDA /* SimpleTimerView.swift */,
				F391AC1B2BAE27BF0019BCDA /* ContentView.swift */,
				F391AC382BAF7AF20019BCDA /* ButtonStyles.swift */,
				F391AC3A2BAFE34E0019BCDA /* TimerButton.swift */,
				F391AC362BAF7A540019BCDA /* CircularProgressView.swift */,
				F391AC1D2BAE27C00019BCDA /* Assets.xcassets */,
				F391AC222BAE27C00019BCDA /* Persistence.swift */,
				F391AC342BAF47010019BCDA /* SoundPlayer.swift */,
				F391AC242BAE27C00019BCDA /* SimpleTImer.xcdatamodeld */,
				F391AC1F2BAE27C00019BCDA /* Preview Content */,
				F391AC2C2BAE349C0019BCDA /* CircleButton.swift */,
				F391AC2E2BAE565C0019BCDA /* ThemeView.swift */,
				F391AC322BAF43C30019BCDA /* TimerModel.swift */,
			);
			path = SimpleTImer;
			sourceTree = "<group>";
		};
		F391AC1F2BAE27C00019BCDA /* Preview Content */ = {
			isa = PBXGroup;
			children = (
				F391AC202BAE27C00019BCDA /* Preview Assets.xcassets */,
			);
			path = "Preview Content";
			sourceTree = "<group>";
		};
/* End PBXGroup section */

/* Begin PBXNativeTarget section */
		F391AC152BAE27BF0019BCDA /* SimpleTImer */ = {
			isa = PBXNativeTarget;
			buildConfigurationList = F391AC292BAE27C00019BCDA /* Build configuration list for PBXNativeTarget "SimpleTImer" */;
			buildPhases = (
				F391AC122BAE27BF0019BCDA /* Sources */,
				F391AC132BAE27BF0019BCDA /* Frameworks */,
				F391AC142BAE27BF0019BCDA /* Resources */,
			);
			buildRules = (
			);
			dependencies = (
			);
			name = SimpleTImer;
			productName = SimpleTImer;
			productReference = F391AC162BAE27BF0019BCDA /* SimpleTImer.app */;
			productType = "com.apple.product-type.application";
		};
/* End PBXNativeTarget section */

/* Begin PBXProject section */
		F391AC0E2BAE27BE0019BCDA /* Project object */ = {
			isa = PBXProject;
			attributes = {
				BuildIndependentTargetsInParallel = 1;
				LastSwiftUpdateCheck = 1430;
				LastUpgradeCheck = 1430;
				TargetAttributes = {
					F391AC152BAE27BF0019BCDA = {
						CreatedOnToolsVersion = 14.3.1;
					};
				};
			};
			buildConfigurationList = F391AC112BAE27BE0019BCDA /* Build configuration list for PBXProject "SimpleTImer" */;
			compatibilityVersion = "Xcode 14.0";
			developmentRegion = en;
			hasScannedForEncodings = 0;
			knownRegions = (
				en,
				Base,
			);
			mainGroup = F391AC0D2BAE27BE0019BCDA;
			productRefGroup = F391AC172BAE27BF0019BCDA /* Products */;
			projectDirPath = "";
			projectRoot = "";
			targets = (
				F391AC152BAE27BF0019BCDA /* SimpleTImer */,
			);
		};
/* End PBXProject section */

/* Begin PBXResourcesBuildPhase section */
		F391AC142BAE27BF0019BCDA /* Resources */ = {
			isa = PBXResourcesBuildPhase;
			buildActionMask = 2147483647;
			files = (
				F391AC212BAE27C00019BCDA /* Preview Assets.xcassets in Resources */,
				F391AC1E2BAE27C00019BCDA /* Assets.xcassets in Resources */,
			);
			runOnlyForDeploymentPostprocessing = 0;
		};
/* End PBXResourcesBuildPhase section */

/* Begin PBXSourcesBuildPhase section */
		F391AC122BAE27BF0019BCDA /* Sources */ = {
			isa = PBXSourcesBuildPhase;
			buildActionMask = 2147483647;
			files = (
				F391AC392BAF7AF20019BCDA /* ButtonStyles.swift in Sources */,
				F391AC2D2BAE349C0019BCDA /* CircleButton.swift in Sources */,
				F391AC232BAE27C00019BCDA /* Persistence.swift in Sources */,
				F391AC1C2BAE27BF0019BCDA /* ContentView.swift in Sources */,
				F391AC312BAF43760019BCDA /* SimpleTimerView.swift in Sources */,
				F391AC352BAF47010019BCDA /* SoundPlayer.swift in Sources */,
				F391AC1A2BAE27BF0019BCDA /* SimpleTImerApp.swift in Sources */,
				F391AC2F2BAE565C0019BCDA /* ThemeView.swift in Sources */,
				F391AC262BAE27C00019BCDA /* SimpleTImer.xcdatamodeld in Sources */,
				F391AC3B2BAFE34E0019BCDA /* TimerButton.swift in Sources */,
				F391AC372BAF7A540019BCDA /* CircularProgressView.swift in Sources */,
				F391AC332BAF43C30019BCDA /* TimerModel.swift in Sources */,
			);
			runOnlyForDeploymentPostprocessing = 0;
		};
/* End PBXSourcesBuildPhase section */

/* Begin XCBuildConfiguration section */
		F391AC272BAE27C00019BCDA /* Debug */ = {
			isa = XCBuildConfiguration;
			buildSettings = {
				ALWAYS_SEARCH_USER_PATHS = NO;
				CLANG_ANALYZER_NONNULL = YES;
				CLANG_ANALYZER_NUMBER_OBJECT_CONVERSION = YES_AGGRESSIVE;
				CLANG_CXX_LANGUAGE_STANDARD = "gnu++20";
				CLANG_ENABLE_MODULES = YES;
				CLANG_ENABLE_OBJC_ARC = YES;
				CLANG_ENABLE_OBJC_WEAK = YES;
				CLANG_WARN_BLOCK_CAPTURE_AUTORELEASING = YES;
				CLANG_WARN_BOOL_CONVERSION = YES;
				CLANG_WARN_COMMA = YES;
				CLANG_WARN_CONSTANT_CONVERSION = YES;
				CLANG_WARN_DEPRECATED_OBJC_IMPLEMENTATIONS = YES;
				CLANG_WARN_DIRECT_OBJC_ISA_USAGE = YES_ERROR;
				CLANG_WARN_DOCUMENTATION_COMMENTS = YES;
				CLANG_WARN_EMPTY_BODY = YES;
				CLANG_WARN_ENUM_CONVERSION = YES;
				CLANG_WARN_INFINITE_RECURSION = YES;
				CLANG_WARN_INT_CONVERSION = YES;
				CLANG_WARN_NON_LITERAL_NULL_CONVERSION = YES;
				CLANG_WARN_OBJC_IMPLICIT_RETAIN_SELF = YES;
				CLANG_WARN_OBJC_LITERAL_CONVERSION = YES;
				CLANG_WARN_OBJC_ROOT_CLASS = YES_ERROR;
				CLANG_WARN_QUOTED_INCLUDE_IN_FRAMEWORK_HEADER = YES;
				CLANG_WARN_RANGE_LOOP_ANALYSIS = YES;
				CLANG_WARN_STRICT_PROTOTYPES = YES;
				CLANG_WARN_SUSPICIOUS_MOVE = YES;
				CLANG_WARN_UNGUARDED_AVAILABILITY = YES_AGGRESSIVE;
				CLANG_WARN_UNREACHABLE_CODE = YES;
				CLANG_WARN__DUPLICATE_METHOD_MATCH = YES;
				COPY_PHASE_STRIP = NO;
				DEBUG_INFORMATION_FORMAT = dwarf;
				ENABLE_STRICT_OBJC_MSGSEND = YES;
				ENABLE_TESTABILITY = YES;
				GCC_C_LANGUAGE_STANDARD = gnu11;
				GCC_DYNAMIC_NO_PIC = NO;
				GCC_NO_COMMON_BLOCKS = YES;
				GCC_OPTIMIZATION_LEVEL = 0;
				GCC_PREPROCESSOR_DEFINITIONS = (
					"DEBUG=1",
					"$(inherited)",
				);
				GCC_WARN_64_TO_32_BIT_CONVERSION = YES;
				GCC_WARN_ABOUT_RETURN_TYPE = YES_ERROR;
				GCC_WARN_UNDECLARED_SELECTOR = YES;
				GCC_WARN_UNINITIALIZED_AUTOS = YES_AGGRESSIVE;
				GCC_WARN_UNUSED_FUNCTION = YES;
				GCC_WARN_UNUSED_VARIABLE = YES;
				IPHONEOS_DEPLOYMENT_TARGET = 16.4;
				MTL_ENABLE_DEBUG_INFO = INCLUDE_SOURCE;
				MTL_FAST_MATH = YES;
				ONLY_ACTIVE_ARCH = YES;
				SDKROOT = iphoneos;
				SWIFT_ACTIVE_COMPILATION_CONDITIONS = DEBUG;
				SWIFT_OPTIMIZATION_LEVEL = "-Onone";
			};
			name = Debug;
		};
		F391AC282BAE27C00019BCDA /* Release */ = {
			isa = XCBuildConfiguration;
			buildSettings = {
				ALWAYS_SEARCH_USER_PATHS = NO;
				CLANG_ANALYZER_NONNULL = YES;
				CLANG_ANALYZER_NUMBER_OBJECT_CONVERSION = YES_AGGRESSIVE;
				CLANG_CXX_LANGUAGE_STANDARD = "gnu++20";
				CLANG_ENABLE_MODULES = YES;
				CLANG_ENABLE_OBJC_ARC = YES;
				CLANG_ENABLE_OBJC_WEAK = YES;
				CLANG_WARN_BLOCK_CAPTURE_AUTORELEASING = YES;
				CLANG_WARN_BOOL_CONVERSION = YES;
				CLANG_WARN_COMMA = YES;
				CLANG_WARN_CONSTANT_CONVERSION = YES;
				CLANG_WARN_DEPRECATED_OBJC_IMPLEMENTATIONS = YES;
				CLANG_WARN_DIRECT_OBJC_ISA_USAGE = YES_ERROR;
				CLANG_WARN_DOCUMENTATION_COMMENTS = YES;
				CLANG_WARN_EMPTY_BODY = YES;
				CLANG_WARN_ENUM_CONVERSION = YES;
				CLANG_WARN_INFINITE_RECURSION = YES;
				CLANG_WARN_INT_CONVERSION = YES;
				CLANG_WARN_NON_LITERAL_NULL_CONVERSION = YES;
				CLANG_WARN_OBJC_IMPLICIT_RETAIN_SELF = YES;
				CLANG_WARN_OBJC_LITERAL_CONVERSION = YES;
				CLANG_WARN_OBJC_ROOT_CLASS = YES_ERROR;
				CLANG_WARN_QUOTED_INCLUDE_IN_FRAMEWORK_HEADER = YES;
				CLANG_WARN_RANGE_LOOP_ANALYSIS = YES;
				CLANG_WARN_STRICT_PROTOTYPES = YES;
				CLANG_WARN_SUSPICIOUS_MOVE = YES;
				CLANG_WARN_UNGUARDED_AVAILABILITY = YES_AGGRESSIVE;
				CLANG_WARN_UNREACHABLE_CODE = YES;
				CLANG_WARN__DUPLICATE_METHOD_MATCH = YES;
				COPY_PHASE_STRIP = NO;
				DEBUG_INFORMATION_FORMAT = "dwarf-with-dsym";
				ENABLE_NS_ASSERTIONS = NO;
				ENABLE_STRICT_OBJC_MSGSEND = YES;
				GCC_C_LANGUAGE_STANDARD = gnu11;
				GCC_NO_COMMON_BLOCKS = YES;
				GCC_WARN_64_TO_32_BIT_CONVERSION = YES;
				GCC_WARN_ABOUT_RETURN_TYPE = YES_ERROR;
				GCC_WARN_UNDECLARED_SELECTOR = YES;
				GCC_WARN_UNINITIALIZED_AUTOS = YES_AGGRESSIVE;
				GCC_WARN_UNUSED_FUNCTION = YES;
				GCC_WARN_UNUSED_VARIABLE = YES;
				IPHONEOS_DEPLOYMENT_TARGET = 16.4;
				MTL_ENABLE_DEBUG_INFO = NO;
				MTL_FAST_MATH = YES;
				SDKROOT = iphoneos;
				SWIFT_COMPILATION_MODE = wholemodule;
				SWIFT_OPTIMIZATION_LEVEL = "-O";
				VALIDATE_PRODUCT = YES;
			};
			name = Release;
		};
		F391AC2A2BAE27C00019BCDA /* Debug */ = {
			isa = XCBuildConfiguration;
			buildSettings = {
				ASSETCATALOG_COMPILER_APPICON_NAME = AppIcon;
				ASSETCATALOG_COMPILER_GLOBAL_ACCENT_COLOR_NAME = AccentColor;
				CODE_SIGN_STYLE = Automatic;
				CURRENT_PROJECT_VERSION = 1;
				DEVELOPMENT_ASSET_PATHS = "\"SimpleTImer/Preview Content\"";
				DEVELOPMENT_TEAM = 3L4785QYCG;
				ENABLE_PREVIEWS = YES;
				GENERATE_INFOPLIST_FILE = YES;
				INFOPLIST_KEY_UIApplicationSceneManifest_Generation = YES;
				INFOPLIST_KEY_UIApplicationSupportsIndirectInputEvents = YES;
				INFOPLIST_KEY_UILaunchScreen_Generation = YES;
				INFOPLIST_KEY_UISupportedInterfaceOrientations_iPad = "UIInterfaceOrientationPortrait UIInterfaceOrientationPortraitUpsideDown UIInterfaceOrientationLandscapeLeft UIInterfaceOrientationLandscapeRight";
				INFOPLIST_KEY_UISupportedInterfaceOrientations_iPhone = "UIInterfaceOrientationPortrait UIInterfaceOrientationLandscapeLeft UIInterfaceOrientationLandscapeRight";
				LD_RUNPATH_SEARCH_PATHS = (
					"$(inherited)",
					"@executable_path/Frameworks",
				);
				MARKETING_VERSION = 1.0;
				PRODUCT_BUNDLE_IDENTIFIER = hmg.SimpleTImer;
				PRODUCT_NAME = "$(TARGET_NAME)";
				SWIFT_EMIT_LOC_STRINGS = YES;
				SWIFT_VERSION = 5.0;
				TARGETED_DEVICE_FAMILY = "1,2";
			};
			name = Debug;
		};
		F391AC2B2BAE27C00019BCDA /* Release */ = {
			isa = XCBuildConfiguration;
			buildSettings = {
				ASSETCATALOG_COMPILER_APPICON_NAME = AppIcon;
				ASSETCATALOG_COMPILER_GLOBAL_ACCENT_COLOR_NAME = AccentColor;
				CODE_SIGN_STYLE = Automatic;
				CURRENT_PROJECT_VERSION = 1;
				DEVELOPMENT_ASSET_PATHS = "\"SimpleTImer/Preview Content\"";
				DEVELOPMENT_TEAM = 3L4785QYCG;
				ENABLE_PREVIEWS = YES;
				GENERATE_INFOPLIST_FILE = YES;
				INFOPLIST_KEY_UIApplicationSceneManifest_Generation = YES;
				INFOPLIST_KEY_UIApplicationSupportsIndirectInputEvents = YES;
				INFOPLIST_KEY_UILaunchScreen_Generation = YES;
				INFOPLIST_KEY_UISupportedInterfaceOrientations_iPad = "UIInterfaceOrientationPortrait UIInterfaceOrientationPortraitUpsideDown UIInterfaceOrientationLandscapeLeft UIInterfaceOrientationLandscapeRight";
				INFOPLIST_KEY_UISupportedInterfaceOrientations_iPhone = "UIInterfaceOrientationPortrait UIInterfaceOrientationLandscapeLeft UIInterfaceOrientationLandscapeRight";
				LD_RUNPATH_SEARCH_PATHS = (
					"$(inherited)",
					"@executable_path/Frameworks",
				);
				MARKETING_VERSION = 1.0;
				PRODUCT_BUNDLE_IDENTIFIER = hmg.SimpleTImer;
				PRODUCT_NAME = "$(TARGET_NAME)";
				SWIFT_EMIT_LOC_STRINGS = YES;
				SWIFT_VERSION = 5.0;
				TARGETED_DEVICE_FAMILY = "1,2";
			};
			name = Release;
		};
/* End XCBuildConfiguration section */

/* Begin XCConfigurationList section */
		F391AC112BAE27BE0019BCDA /* Build configuration list for PBXProject "SimpleTImer" */ = {
			isa = XCConfigurationList;
			buildConfigurations = (
				F391AC272BAE27C00019BCDA /* Debug */,
				F391AC282BAE27C00019BCDA /* Release */,
			);
			defaultConfigurationIsVisible = 0;
			defaultConfigurationName = Release;
		};
		F391AC292BAE27C00019BCDA /* Build configuration list for PBXNativeTarget "SimpleTImer" */ = {
			isa = XCConfigurationList;
			buildConfigurations = (
				F391AC2A2BAE27C00019BCDA /* Debug */,
				F391AC2B2BAE27C00019BCDA /* Release */,
			);
			defaultConfigurationIsVisible = 0;
			defaultConfigurationName = Release;
		};
/* End XCConfigurationList section */

/* Begin XCVersionGroup section */
		F391AC242BAE27C00019BCDA /* SimpleTImer.xcdatamodeld */ = {
			isa = XCVersionGroup;
			children = (
				F391AC252BAE27C00019BCDA /* SimpleTImer.xcdatamodel */,
			);
			currentVersion = F391AC252BAE27C00019BCDA /* SimpleTImer.xcdatamodel */;
			path = SimpleTImer.xcdatamodeld;
			sourceTree = "<group>";
			versionGroupType = wrapper.xcdatamodel;
		};
/* End XCVersionGroup section */
	};
	rootObject = F391AC0E2BAE27BE0019BCDA /* Project object */;
}
